<Solution>
  <Folder Name="/src/">
    <Project Path="src/BasicFtpServer.App/BasicFtpServer.App.csproj" />
    <Project Path="src/BasicFtpServer.Core/BasicFtpServer.Core.csproj" />
    <Project Path="src/BasicFtpServer.Mac/BasicFtpServer.Mac.csproj" />
  </Folder>
  <Folder Name="/tests/">
    <Project Path="tests/BasicFtpServer.Tests/BasicFtpServer.Tests.csproj" />
  </Folder>
</Solution>
